lockfileVersion: '9.0'

settings:
  autoInstallPeers: true
  excludeLinksFromLockfile: false

importers:

  .:
    dependencies:
      '@types/uuid':
        specifier: ^9.0.7
        version: 9.0.7
      colors:
        specifier: ^1.4.0
        version: 1.4.0
      dotenv:
        specifier: ^16.1.3
        version: 16.1.3
      googleapis:
        specifier: ^118.0.0
        version: 118.0.0
      readline:
        specifier: ^1.3.0
        version: 1.3.0
      readline-sync:
        specifier: ^1.4.10
        version: 1.4.10
      rethinkdb:
        specifier: ^2.4.2
        version: 2.4.2
      rethinkdb-ts:
        specifier: ^2.5.4
        version: 2.5.4
      ssh2:
        specifier: ^1.13.0
        version: 1.13.0
      ts-json-schema-generator:
        specifier: ^1.2.0
        version: 1.2.0
      ts-node:
        specifier: ^10.9.1
        version: 10.9.1(@types/node@20.2.5)(typescript@5.1.3)
      tslib:
        specifier: ^2.5.3
        version: 2.5.3
      tunnel-ssh:
        specifier: ^5.0.5
        version: 5.0.5
      typescript:
        specifier: ^5.1.3
        version: 5.1.3
      uuid:
        specifier: ^9.0.0
        version: 9.0.0
    devDependencies:
      '@types/node':
        specifier: ^20.2.5
        version: 20.2.5
      '@types/ssh2':
        specifier: ^1.11.11
        version: 1.11.11
      '@types/tunnel-ssh':
        specifier: ^5.0.0
        version: 5.0.0
      install:
        specifier: ^0.13.0
        version: 0.13.0
      npm:
        specifier: ^9.6.7
        version: 9.6.7
      tsconfig-paths:
        specifier: ^4.2.0
        version: 4.2.0

packages:

  '@cspotcode/source-map-support@0.8.1':
    resolution: {integrity: sha512-IchNf6dN4tHoMFIn/7OE8LWZ19Y6q/67Bmf6vnGREv8RSbBVb9LPJxEcnwrcwX6ixSvaiGoomAUvu4YSxXrVgw==}
    engines: {node: '>=12'}

  '@jridgewell/resolve-uri@3.1.1':
    resolution: {integrity: sha512-dSYZh7HhCDtCKm4QakX0xFpsRDqjjtZf/kjI/v3T3Nwt5r8/qz/M19F9ySyOqU94SXBmeG9ttTul+YnR4LOxFA==}
    engines: {node: '>=6.0.0'}

  '@jridgewell/sourcemap-codec@1.4.15':
    resolution: {integrity: sha512-eF2rxCRulEKXHTRiDrDy6erMYWqNw4LPdQ8UQA4huuxaQsVeRPFl2oM8oDGxMFhJUWZf9McpLtJasDDZb/Bpeg==}

  '@jridgewell/trace-mapping@0.3.9':
    resolution: {integrity: sha512-3Belt6tdc8bPgAtbcmdtNJlirVoTmEb5e2gC94PnkwEW9jI6CAHUeoG85tjWP5WquqfavoMtMwiG4P926ZKKuQ==}

  '@tsconfig/node10@1.0.9':
    resolution: {integrity: sha512-jNsYVVxU8v5g43Erja32laIDHXeoNvFEpX33OK4d6hljo3jDhCBDhx5dhCCTMWUojscpAagGiRkBKxpdl9fxqA==}

  '@tsconfig/node12@1.0.11':
    resolution: {integrity: sha512-cqefuRsh12pWyGsIoBKJA9luFu3mRxCA+ORZvA4ktLSzIuCUtWVxGIuXigEwO5/ywWFMZ2QEGKWvkZG1zDMTag==}

  '@tsconfig/node14@1.0.3':
    resolution: {integrity: sha512-ysT8mhdixWK6Hw3i1V2AeRqZ5WfXg1G43mqoYlM2nc6388Fq5jcXyr5mRsqViLx/GJYdoL0bfXD8nmF+Zn/Iow==}

  '@tsconfig/node16@1.0.4':
    resolution: {integrity: sha512-vxhUy4J8lyeyinH7Azl1pdd43GJhZH/tP2weN8TntQblOY+A0XbT8DJk1/oCPuOOyg/Ja757rG0CgHcWC8OfMA==}

  '@types/json-schema@7.0.12':
    resolution: {integrity: sha512-Hr5Jfhc9eYOQNPYO5WLDq/n4jqijdHNlDXjuAQkkt+mWdQR+XJToOHrsD4cPaMXpn6KO7y2+wM8AZEs8VpBLVA==}

  '@types/node@18.16.16':
    resolution: {integrity: sha512-NpaM49IGQQAUlBhHMF82QH80J08os4ZmyF9MkpCzWAGuOHqE4gTEbhzd7L3l5LmWuZ6E0OiC1FweQ4tsiW35+g==}

  '@types/node@20.2.5':
    resolution: {integrity: sha512-JJulVEQXmiY9Px5axXHeYGLSjhkZEnD+MDPDGbCbIAbMslkKwmygtZFy1X6s/075Yo94sf8GuSlFfPzysQrWZQ==}

  '@types/ssh2@1.11.11':
    resolution: {integrity: sha512-LdnE7UBpvHCgUznvn2fwLt2hkaENcKPFqOyXGkvyTLfxCXBN6roc1RmECNYuzzbHePzD3PaAov5rri9hehzx9Q==}

  '@types/tunnel-ssh@5.0.0':
    resolution: {integrity: sha512-mLRL5TMl+Q8fLUKY+aV5c7YxT0ZNGrjiFSLlfrNBPGoRWdQIrzTG2FQiHSW0ZMPo8KeQkB1b7/WTVbaxDI+siQ==}

  '@types/uuid@9.0.7':
    resolution: {integrity: sha512-WUtIVRUZ9i5dYXefDEAI7sh9/O7jGvHg7Df/5O/gtH3Yabe5odI3UWopVR1qbPXQtvOxWu3mM4XxlYeZtMWF4g==}

  acorn-walk@8.2.0:
    resolution: {integrity: sha512-k+iyHEuPgSw6SbuDpGQM+06HQUa04DZ3o+F6CSzXMvvI5KMvnaEqXe+YVe555R9nn6GPt404fos4wcgpw12SDA==}
    engines: {node: '>=0.4.0'}

  acorn@8.8.2:
    resolution: {integrity: sha512-xjIYgE8HBrkpd/sJqOGNspf8uHG+NOHGOw6a/Urj8taM2EXfdNAH2oFcPeIFfsv3+kz/mJrS5VuMqbNLjCa2vw==}
    engines: {node: '>=0.4.0'}
    hasBin: true

  agent-base@6.0.2:
    resolution: {integrity: sha512-RZNwNclF7+MS/8bDg70amg32dyeZGZxiDuQmZxKLAlQjr3jGyLx+4Kkk58UO7D2QdgFIQCovuSuZESne6RG6XQ==}
    engines: {node: '>= 6.0.0'}

  arg@4.1.3:
    resolution: {integrity: sha512-58S9QDqG0Xx27YwPSt9fJxivjYl432YCwfDMfZ+71RAqUrZef7LrKQZ3LHLOwCS4FLNBplP533Zx895SeOCHvA==}

  arrify@2.0.1:
    resolution: {integrity: sha512-3duEwti880xqi4eAMN8AyR4a0ByT90zoYdLlevfrvU43vb0YZwZVfxOgxWrLXXXpyugL0hNZc9G6BiB5B3nUug==}
    engines: {node: '>=8'}

  asn1@0.2.6:
    resolution: {integrity: sha512-ix/FxPn0MDjeyJ7i/yoHGFt/EX6LyNbxSEhPPXODPL+KB0VPk86UYfL0lMdy+KCnv+fmvIzySwaK5COwqVbWTQ==}

  balanced-match@1.0.2:
    resolution: {integrity: sha512-3oSeUO0TMV67hN1AmbXsK4yaqU7tjiHlbxRDZOpH0KW9+CeX4bRAaX0Anxt0tx2MrpRpWwQaPwIlISEJhYU5Pw==}

  base64-js@1.5.1:
    resolution: {integrity: sha512-AKpaYlHn8t4SVbOHCy+b5+KKgvR4vrsD8vbvrbiQJps7fKDTkjkDry6ji0rUJjC0kzbNePLwzxq8iypo41qeWA==}

  bcrypt-pbkdf@1.0.2:
    resolution: {integrity: sha512-qeFIXtP4MSoi6NLqO12WfqARWWuCKi2Rn/9hJLEmtB5yTNr9DqFWkJRCf2qShWzPeAMRnOgCrq0sg/KLv5ES9w==}

  bignumber.js@9.1.1:
    resolution: {integrity: sha512-pHm4LsMJ6lzgNGVfZHjMoO8sdoRhOzOH4MLmY65Jg70bpxCKu5iOHNJyfF6OyvYw7t8Fpf35RuzUyqnQsj8Vig==}

  bluebird@2.11.0:
    resolution: {integrity: sha512-UfFSr22dmHPQqPP9XWHRhq+gWnHCYguQGkXQlbyPtW5qTnhFWA8/iXg765tH0cAjy7l/zPJ1aBTO0g5XgA7kvQ==}

  brace-expansion@2.0.1:
    resolution: {integrity: sha512-XnAIvQ8eM+kC6aULx6wuQiwVsnzsi9d3WxzV3FpWTGA19F621kwdbsAcFKXgKUHZWsy+mY6iL1sHTxWEFCytDA==}

  buffer-equal-constant-time@1.0.1:
    resolution: {integrity: sha512-zRpUiDwd/xk6ADqPMATG8vc9VPrkck7T07OIx0gnjmJAnHnTVXNQG3vfvWNuiZIkwu9KrKdA1iJKfsfTVxE6NA==}

  buildcheck@0.0.6:
    resolution: {integrity: sha512-8f9ZJCUXyT1M35Jx7MkBgmBMo3oHTTBIPLiY9xyL0pl3T5RwcPEY8cUHr5LBNfu/fk6c2T4DJZuVM/8ZZT2D2A==}
    engines: {node: '>=10.0.0'}

  call-bind@1.0.2:
    resolution: {integrity: sha512-7O+FbCihrB5WGbFYesctwmTKae6rOiIzmz1icreWJ+0aA7LJfuqhEso2T9ncpcFtzMQtzXf2QGGueWJGTYsqrA==}

  colors@1.4.0:
    resolution: {integrity: sha512-a+UqTh4kgZg/SlGvfbzDHpgRu7AAQOmmqRHJnxhRZICKFUT91brVhNNt58CMWU9PsBbv3PDCZUHbVxuDiH2mtA==}
    engines: {node: '>=0.1.90'}

  commander@9.5.0:
    resolution: {integrity: sha512-KRs7WVDKg86PWiuAqhDrAQnTXZKraVcCc6vFdL14qrZ/DcWwuRo7VoiYXalXO7S5GKpqYiVEwCbgFDfxNHKJBQ==}
    engines: {node: ^12.20.0 || >=14}

  cpu-features@0.0.8:
    resolution: {integrity: sha512-BbHBvtYhUhksqTjr6bhNOjGgMnhwhGTQmOoZGD+K7BCaQDCuZl/Ve1ZxUSMRwVC4D/rkCPQ2MAIeYzrWyK7eEg==}
    engines: {node: '>=10.0.0'}

  create-require@1.1.1:
    resolution: {integrity: sha512-dcKFX3jn0MpIaXjisoRvexIJVEKzaq7z2rZKxf+MSr9TkdmHmsU4m2lcLojrj/FHl8mk5VxMmYA+ftRkP/3oKQ==}

  debug@4.3.4:
    resolution: {integrity: sha512-PRWFHuSU3eDtQJPvnNY7Jcket1j0t5OuOsFzPPzsekD52Zl8qUfFIPEiswXqIvHWGVHOgX+7G/vCNNhehwxfkQ==}
    engines: {node: '>=6.0'}
    peerDependencies:
      supports-color: '*'
    peerDependenciesMeta:
      supports-color:
        optional: true

  diff@4.0.2:
    resolution: {integrity: sha512-58lmxKSA4BNyLz+HHMUzlOEpg09FV+ev6ZMe3vJihgdxzgcwZ8VoEEPmALCZG9LmqfVoNMMKpttIYTVG6uDY7A==}
    engines: {node: '>=0.3.1'}

  dotenv@16.1.3:
    resolution: {integrity: sha512-FYssxsmCTtKL72fGBSvb1K9dRz0/VZeWqFme/vSb7r7323x4CRaHu4LvQ5JG3+s6yt2YPbBrkpiEODktfyjI9A==}
    engines: {node: '>=12'}

  ecdsa-sig-formatter@1.0.11:
    resolution: {integrity: sha512-nagl3RYrbNv6kQkeJIpt6NJZy8twLB/2vtz6yN9Z4vRKHN4/QZJIEbqohALSgwKdnksuY3k5Addp5lg8sVoVcQ==}

  extend@3.0.2:
    resolution: {integrity: sha512-fjquC59cD7CyW6urNXK0FBufkZcoiGG80wTuPujX590cB5Ttln20E2UB4S/WARVqhXffZl2LNgS+gQdPIIim/g==}

  fast-text-encoding@1.0.6:
    resolution: {integrity: sha512-VhXlQgj9ioXCqGstD37E/HBeqEGV/qOD/kmbVG8h5xKBYvM1L3lR1Zn4555cQ8GkYbJa8aJSipLPndE1k6zK2w==}

  fs.realpath@1.0.0:
    resolution: {integrity: sha512-OO0pH2lK6a0hZnAdau5ItzHPI6pUlvI7jMVnxUQRtw4owF2wk8lOSabtGDCTP4Ggrg2MbGnWO9X8K1t4+fGMDw==}

  function-bind@1.1.1:
    resolution: {integrity: sha512-yIovAzMX49sF8Yl58fSCWJ5svSLuaibPxXQJFLmBObTuCr0Mf1KiPopGM9NiFjiYBCbfaa2Fh6breQ6ANVTI0A==}

  gaxios@5.1.0:
    resolution: {integrity: sha512-aezGIjb+/VfsJtIcHGcBSerNEDdfdHeMros+RbYbGpmonKWQCOVOes0LVZhn1lDtIgq55qq0HaxymIoae3Fl/A==}
    engines: {node: '>=12'}

  gcp-metadata@5.2.0:
    resolution: {integrity: sha512-aFhhvvNycky2QyhG+dcfEdHBF0FRbYcf39s6WNHUDysKSrbJ5vuFbjydxBcmewtXeV248GP8dWT3ByPNxsyHCw==}
    engines: {node: '>=12'}

  get-intrinsic@1.2.1:
    resolution: {integrity: sha512-2DcsyfABl+gVHEfCOaTrWgyt+tb6MSEGmKq+kI5HwLbIYgjgmMcV8KQ41uaKz1xxUcn9tJtgFbQUEVcEbd0FYw==}

  glob@8.1.0:
    resolution: {integrity: sha512-r8hpEjiQEYlF2QU0df3dS+nxxSIreXQS1qRhMJM0Q5NDdR386C7jb7Hwwod8Fgiuex+k0GFjgft18yvxm5XoCQ==}
    engines: {node: '>=12'}

  google-auth-library@8.8.0:
    resolution: {integrity: sha512-0iJn7IDqObDG5Tu9Tn2WemmJ31ksEa96IyK0J0OZCpTh6CrC6FrattwKX87h3qKVuprCJpdOGKc1Xi8V0kMh8Q==}
    engines: {node: '>=12'}

  google-p12-pem@4.0.1:
    resolution: {integrity: sha512-WPkN4yGtz05WZ5EhtlxNDWPhC4JIic6G8ePitwUWy4l+XPVYec+a0j0Ts47PDtW59y3RwAhUd9/h9ZZ63px6RQ==}
    engines: {node: '>=12.0.0'}
    hasBin: true

  googleapis-common@6.0.4:
    resolution: {integrity: sha512-m4ErxGE8unR1z0VajT6AYk3s6a9gIMM6EkDZfkPnES8joeOlEtFEJeF8IyZkb0tjPXkktUfYrE4b3Li1DNyOwA==}
    engines: {node: '>=12.0.0'}

  googleapis@118.0.0:
    resolution: {integrity: sha512-Ny6zJOGn5P/YDT6GQbJU6K0lSzEu4Yuxnsn45ZgBIeSQ1RM0FolEjUToLXquZd89DU9wUfqA5XYHPEctk1TFWg==}
    engines: {node: '>=12.0.0'}

  gtoken@6.1.2:
    resolution: {integrity: sha512-4ccGpzz7YAr7lxrT2neugmXQ3hP9ho2gcaityLVkiUecAiwiy60Ii8gRbZeOsXV19fYaRjgBSshs8kXw+NKCPQ==}
    engines: {node: '>=12.0.0'}

  has-proto@1.0.1:
    resolution: {integrity: sha512-7qE+iP+O+bgF9clE5+UoBFzE65mlBiVj3tKCrlNQ0Ogwm0BjpT/gK4SlLYDMybDh5I3TCTKnPPa0oMG7JDYrhg==}
    engines: {node: '>= 0.4'}

  has-symbols@1.0.3:
    resolution: {integrity: sha512-l3LCuF6MgDNwTDKkdYGEihYjt5pRPbEg46rtlmnSPlUbgmB8LOIrKJbYYFBSbnPaJexMKtiPO8hmeRjRz2Td+A==}
    engines: {node: '>= 0.4'}

  has@1.0.3:
    resolution: {integrity: sha512-f2dvO0VU6Oej7RkWJGrehjbzMAjFp5/VKPp5tTpWIV4JHHZK1/BxbFRtf/siA2SWTe09caDmVtYYzWEIbBS4zw==}
    engines: {node: '>= 0.4.0'}

  https-proxy-agent@5.0.1:
    resolution: {integrity: sha512-dFcAjpTQFgoLMzC2VwU+C/CbS7uRL0lWmxDITmqm7C+7F0Odmj6s9l6alZc6AELXhrnggM2CeWSXHGOdX2YtwA==}
    engines: {node: '>= 6'}

  inflight@1.0.6:
    resolution: {integrity: sha512-k92I/b08q4wvFscXCLvqfsHCrjrF7yiXsQuIVvVE7N82W3+aqpzuUdBbfhWcy/FZR3/4IgflMgKLOsvPDrGCJA==}

  inherits@2.0.4:
    resolution: {integrity: sha512-k/vGaX4/Yla3WzyMCvTQOXYeIHvqOKtnqBduzTHpzpQZzAskKMhZ2K+EnBiSM9zGSoIFeMpXKxa4dYeZIQqewQ==}

  install@0.13.0:
    resolution: {integrity: sha512-zDml/jzr2PKU9I8J/xyZBQn8rPCAY//UOYNmR01XwNwyfhEWObo2SWfSl1+0tm1u6PhxLwDnfsT/6jB7OUxqFA==}
    engines: {node: '>= 0.10'}

  is-stream@2.0.1:
    resolution: {integrity: sha512-hFoiJiTl63nn+kstHGBtewWSKnQLpyb155KHheA1l39uvtO9nWIop1p3udqPcUd/xbF1VLMO4n7OI6p7RbngDg==}
    engines: {node: '>=8'}

  json-bigint@1.0.0:
    resolution: {integrity: sha512-SiPv/8VpZuWbvLSMtTDU8hEfrZWg/mH/nV/b4o0CYbSxu1UIQPLdwKOCIyLQX+VIPO5vrLX3i8qtqFyhdPSUSQ==}

  json5@2.2.3:
    resolution: {integrity: sha512-XmOWe7eyHYH14cLdVPoyg+GOH3rYX++KpzrylJwSW98t3Nk+U8XOl8FWKOgwtzdb8lXGf6zYwDUzeHMWfxasyg==}
    engines: {node: '>=6'}
    hasBin: true

  jwa@2.0.0:
    resolution: {integrity: sha512-jrZ2Qx916EA+fq9cEAeCROWPTfCwi1IVHqT2tapuqLEVVDKFDENFw1oL+MwrTvH6msKxsd1YTDVw6uKEcsrLEA==}

  jws@4.0.0:
    resolution: {integrity: sha512-KDncfTmOZoOMTFG4mBlG0qUIOlc03fmzH+ru6RgYVZhPkyiy/92Owlt/8UEN+a4TXR1FQetfIpJE8ApdvdVxTg==}

  lru-cache@6.0.0:
    resolution: {integrity: sha512-Jo6dJ04CmSjuznwJSS3pUeWmd/H0ffTlkXXgwZi+eq1UCmqQwCh+eLsYOYCwY991i2Fah4h1BEMCx4qThGbsiA==}
    engines: {node: '>=10'}

  make-error@1.3.6:
    resolution: {integrity: sha512-s8UhlNe7vPKomQhC1qFelMokr/Sc3AgNbso3n74mVPA5LTZwkB9NlXf4XPamLxJE8h0gh73rM94xvwRT2CVInw==}

  minimatch@5.1.6:
    resolution: {integrity: sha512-lKwV/1brpG6mBUFHtb7NUmtABCb2WZZmm2wNiOA5hAb8VdCS4B3dtMWyvcoViccwAW/COERjXLt0zP1zXUN26g==}
    engines: {node: '>=10'}

  minimist@1.2.8:
    resolution: {integrity: sha512-2yyAR8qBkN3YuheJanUpWC5U3bb5osDywNB8RzDVlDwDHbocAJveqqj1u8+SVD7jkWT4yvsHCpWqqWqAxb0zCA==}

  ms@2.1.2:
    resolution: {integrity: sha512-sGkPx+VjMtmA6MX27oA4FBFELFCZZ4S4XqeGOXCv68tT+jb3vk/RyaKWP0PTKyWtmLSM0b+adUTEvbs1PEaH2w==}

  nan@2.17.0:
    resolution: {integrity: sha512-2ZTgtl0nJsO0KQCjEpxcIr5D+Yv90plTitZt9JBfQvVJDS5seMl3FOvsh3+9CoYWXf/1l5OaZzzF6nDm4cagaQ==}

  node-fetch@2.6.11:
    resolution: {integrity: sha512-4I6pdBY1EthSqDmJkiNk3JIT8cswwR9nfeW/cPdUagJYEQG7R95WRH74wpz7ma8Gh/9dI9FP+OU+0E4FvtA55w==}
    engines: {node: 4.x || >=6.0.0}
    peerDependencies:
      encoding: ^0.1.0
    peerDependenciesMeta:
      encoding:
        optional: true

  node-forge@1.3.1:
    resolution: {integrity: sha512-dPEtOeMvF9VMcYV/1Wb8CPoVAXtp6MKMlcbAt4ddqmGqUJ6fQZFXkNZNkNlfevtNkGtaSoXf/vNNNSvgrdXwtA==}
    engines: {node: '>= 6.13.0'}

  normalize-path@3.0.0:
    resolution: {integrity: sha512-6eZs5Ls3WtCisHWp9S2GUy8dqkpGi4BVSz3GaqiE6ezub0512ESztXUwUB6C6IKbQkY2Pnb/mD4WYojCRwcwLA==}
    engines: {node: '>=0.10.0'}

  npm@9.6.7:
    resolution: {integrity: sha512-xwkU1hSZl6Qrkfw3fhxVmMfNWu0A67+aZZs5gz/LoehCeAPkVhQDB90Z2NFoPSI1KpfBWCJ6Bp28wXzv5U5/2g==}
    engines: {node: ^14.17.0 || ^16.13.0 || >=18.0.0}
    hasBin: true
    bundledDependencies:
      - '@isaacs/string-locale-compare'
      - '@npmcli/arborist'
      - '@npmcli/config'
      - '@npmcli/map-workspaces'
      - '@npmcli/package-json'
      - '@npmcli/run-script'
      - abbrev
      - archy
      - cacache
      - chalk
      - ci-info
      - cli-columns
      - cli-table3
      - columnify
      - fastest-levenshtein
      - fs-minipass
      - glob
      - graceful-fs
      - hosted-git-info
      - ini
      - init-package-json
      - is-cidr
      - json-parse-even-better-errors
      - libnpmaccess
      - libnpmdiff
      - libnpmexec
      - libnpmfund
      - libnpmhook
      - libnpmorg
      - libnpmpack
      - libnpmpublish
      - libnpmsearch
      - libnpmteam
      - libnpmversion
      - make-fetch-happen
      - minimatch
      - minipass
      - minipass-pipeline
      - ms
      - node-gyp
      - nopt
      - npm-audit-report
      - npm-install-checks
      - npm-package-arg
      - npm-pick-manifest
      - npm-profile
      - npm-registry-fetch
      - npm-user-validate
      - npmlog
      - p-map
      - pacote
      - parse-conflict-json
      - proc-log
      - qrcode-terminal
      - read
      - read-package-json
      - read-package-json-fast
      - semver
      - ssri
      - tar
      - text-table
      - tiny-relative-date
      - treeverse
      - validate-npm-package-name
      - which
      - write-file-atomic

  object-inspect@1.12.3:
    resolution: {integrity: sha512-geUvdk7c+eizMNUDkRpW1wJwgfOiOeHbxBR/hLXK1aT6zmVSO0jsQcs7fj6MGw89jC/cjGfLcNOrtMYtGqm81g==}

  once@1.4.0:
    resolution: {integrity: sha512-lNaJgI+2Q5URQBkccEKHTQOPaXdUxnZZElQTZY0MFUAuaEqe1E+Nyvgdz/aIyNi6Z9MzO5dv1H8n58/GELp3+w==}

  qs@6.11.2:
    resolution: {integrity: sha512-tDNIz22aBzCDxLtVH++VnTfzxlfeK5CbqohpSqpJgj1Wg/cQbStNAz3NuqCs5vV+pjBsK4x4pN9HlVh7rcYRiA==}
    engines: {node: '>=0.6'}

  readline-sync@1.4.10:
    resolution: {integrity: sha512-gNva8/6UAe8QYepIQH/jQ2qn91Qj0B9sYjMBBs3QOB8F2CXcKgLxQaJRP76sWVRQt+QU+8fAkCbCvjjMFu7Ycw==}
    engines: {node: '>= 0.8.0'}

  readline@1.3.0:
    resolution: {integrity: sha512-k2d6ACCkiNYz222Fs/iNze30rRJ1iIicW7JuX/7/cozvih6YCkFZH+J6mAFDVgv0dRBaAyr4jDqC95R2y4IADg==}

  rethinkdb-ts@2.5.4:
    resolution: {integrity: sha512-f9mxdUZgWBsSIzmLiYKNV+zP2L0R94jc57JjVJbxO7qLsgipilRXP9fLdYEip+eZs4vDDCYs8Q7BNV2Dv403hQ==}
    engines: {node: '>=12.x <=18.x'}

  rethinkdb@2.4.2:
    resolution: {integrity: sha512-6DzwqEpFc8cqesAdo07a845oBRxLiHvWzopTKBo/uY2ypGWIsJQFJk3wjRDtSEhczxJqLS0jnf37rwgzYAw8NQ==}
    engines: {node: '>= 0.10.0'}

  safe-buffer@5.2.1:
    resolution: {integrity: sha512-rp3So07KcdmmKbGvgaNxQSJr7bGVSVk5S9Eq1F+ppbRo70+YeaDxkw5Dd8NPN+GD6bjnYm2VuPuCXmpuYvmCXQ==}

  safe-stable-stringify@2.4.3:
    resolution: {integrity: sha512-e2bDA2WJT0wxseVd4lsDP4+3ONX6HpMXQa1ZhFQ7SU+GjvORCmShbCMltrtIDfkYhVHrOcPtj+KhmDBdPdZD1g==}
    engines: {node: '>=10'}

  safer-buffer@2.1.2:
    resolution: {integrity: sha512-YZo3K82SD7Riyi0E1EQPojLz7kpepnSQI9IyPbHHg1XXXevb5dJI7tpyN2ADxGcQbHG7vcyRHk0cbwqcQriUtg==}

  side-channel@1.0.4:
    resolution: {integrity: sha512-q5XPytqFEIKHkGdiMIrY10mvLRvnQh42/+GoBlFW3b2LXLE2xxJpZFdm94we0BaoV3RwJyGqg5wS7epxTv0Zvw==}

  ssh2@1.13.0:
    resolution: {integrity: sha512-CIZBFRRY1y9mAZSqBGFE4EB4dNJad2ysT2PqO8OpkiI3UTB/gUZwE5EaN16qVyQ6s/M7EgC/iaV/MnjdlvnuzA==}
    engines: {node: '>=10.16.0'}

  strip-bom@3.0.0:
    resolution: {integrity: sha512-vavAMRXOgBVNF6nyEEmL3DBK19iRpDcoIwW+swQ+CbGiu7lju6t+JklA1MHweoWtadgt4ISVUsXLyDq34ddcwA==}
    engines: {node: '>=4'}

  tr46@0.0.3:
    resolution: {integrity: sha512-N3WMsuqV66lT30CrXNbEjx4GEwlow3v6rr4mCcv6prnfwhS01rkgyFdjPNBYd9br7LpXV1+Emh01fHnq2Gdgrw==}

  ts-json-schema-generator@1.2.0:
    resolution: {integrity: sha512-tUMeO3ZvA12d3HHh7T/AK8W5hmUhDRNtqWRHSMN3ZRbUFt+UmV0oX8k1RK4SA+a+BKNHpmW2v06MS49e8Fi3Yg==}
    engines: {node: '>=10.0.0'}
    hasBin: true

  ts-node@10.9.1:
    resolution: {integrity: sha512-NtVysVPkxxrwFGUUxGYhfux8k78pQB3JqYBXlLRZgdGUqTO5wU/UyHop5p70iEbGhB7q5KmiZiU0Y3KlJrScEw==}
    hasBin: true
    peerDependencies:
      '@swc/core': '>=1.2.50'
      '@swc/wasm': '>=1.2.50'
      '@types/node': '*'
      typescript: '>=2.7'
    peerDependenciesMeta:
      '@swc/core':
        optional: true
      '@swc/wasm':
        optional: true

  tsconfig-paths@4.2.0:
    resolution: {integrity: sha512-NoZ4roiN7LnbKn9QqE1amc9DJfzvZXxF4xDavcOWt1BPkdx+m+0gJuPM+S0vCe7zTJMYUP0R8pO2XMr+Y8oLIg==}
    engines: {node: '>=6'}

  tslib@2.5.3:
    resolution: {integrity: sha512-mSxlJJwl3BMEQCUNnxXBU9jP4JBktcEGhURcPR6VQVlnP0FdDEsIaz0C35dXNGLyRfrATNofF0F5p2KPxQgB+w==}

  tunnel-ssh@5.0.5:
    resolution: {integrity: sha512-3W6q2hj8S3c6lvdlknpE0ew2jMsIPou8DdSeRDHK/WrA+d9jZlryXOc45yvmHpBv7MyoWHHZvs2IKEtHJFazeg==}

  tweetnacl@0.14.5:
    resolution: {integrity: sha512-KXXFFdAbFXY4geFIwoyNK+f5Z1b7swfXABfL7HXCmoIWMKU3dmS26672A4EeQtDzLKy7SXmfBu51JolvEKwtGA==}

  typescript@4.9.5:
    resolution: {integrity: sha512-1FXk9E2Hm+QzZQ7z+McJiHL4NW1F2EzMu9Nq9i3zAaGqibafqYwCVU6WyWAuyQRRzOlxou8xZSyXLEN8oKj24g==}
    engines: {node: '>=4.2.0'}
    hasBin: true

  typescript@5.1.3:
    resolution: {integrity: sha512-XH627E9vkeqhlZFQuL+UsyAXEnibT0kWR2FWONlr4sTjvxyJYnyefgrkyECLzM5NenmKzRAy2rR/OlYLA1HkZw==}
    engines: {node: '>=14.17'}
    hasBin: true

  url-template@2.0.8:
    resolution: {integrity: sha512-XdVKMF4SJ0nP/O7XIPB0JwAEuT9lDIYnNsK8yGVe43y0AWoKeJNdv3ZNWh7ksJ6KqQFjOO6ox/VEitLnaVNufw==}

  uuid@9.0.0:
    resolution: {integrity: sha512-MXcSTerfPa4uqyzStbRoTgt5XIe3x5+42+q1sDuy3R5MDk66URdLMOZe5aPX/SQd+kuYAh0FdP/pO28IkQyTeg==}
    hasBin: true

  v8-compile-cache-lib@3.0.1:
    resolution: {integrity: sha512-wa7YjyUGfNZngI/vtK0UHAN+lgDCxBPCylVXGp0zu59Fz5aiGtNXaq3DhIov063MorB+VfufLh3JlF2KdTK3xg==}

  webidl-conversions@3.0.1:
    resolution: {integrity: sha512-2JAn3z8AR6rjK8Sm8orRC0h/bcl/DqL7tRPdGZ4I1CjdF+EaMLmYxBHyXuKL849eucPFhvBoxMsflfOb8kxaeQ==}

  whatwg-url@5.0.0:
    resolution: {integrity: sha512-saE57nupxk6v3HY35+jzBwYa0rKSy0XR8JSxZPwgLr7ys0IBzhGviA1/TUGJLmSVqs8pb9AnvICXEuOHLprYTw==}

  wrappy@1.0.2:
    resolution: {integrity: sha512-l4Sp/DRseor9wL6EvV2+TuQn63dMkPjZ/sp9XkghTEbV9KlPS1xUsZ3u7/IQO4wxtcFB4bgpQPRcR3QCvezPcQ==}

  yallist@4.0.0:
    resolution: {integrity: sha512-3wdGidZyq5PB084XLES5TpOSRA3wjXAlIWMhum2kRcv/41Sn2emQ0dycQW4uZXLejwKvg6EsvbdlVL+FYEct7A==}

  yn@3.1.1:
    resolution: {integrity: sha512-Ux4ygGWsu2c7isFWe8Yu1YluJmqVhxqK2cLXNQA5AcC3QfbGNpM7fu0Y8b/z16pXLnFxZYvWhd3fhBY9DLmC6Q==}
    engines: {node: '>=6'}

snapshots:

  '@cspotcode/source-map-support@0.8.1':
    dependencies:
      '@jridgewell/trace-mapping': 0.3.9

  '@jridgewell/resolve-uri@3.1.1': {}

  '@jridgewell/sourcemap-codec@1.4.15': {}

  '@jridgewell/trace-mapping@0.3.9':
    dependencies:
      '@jridgewell/resolve-uri': 3.1.1
      '@jridgewell/sourcemap-codec': 1.4.15

  '@tsconfig/node10@1.0.9': {}

  '@tsconfig/node12@1.0.11': {}

  '@tsconfig/node14@1.0.3': {}

  '@tsconfig/node16@1.0.4': {}

  '@types/json-schema@7.0.12': {}

  '@types/node@18.16.16': {}

  '@types/node@20.2.5': {}

  '@types/ssh2@1.11.11':
    dependencies:
      '@types/node': 18.16.16

  '@types/tunnel-ssh@5.0.0':
    dependencies:
      '@types/ssh2': 1.11.11

  '@types/uuid@9.0.7': {}

  acorn-walk@8.2.0: {}

  acorn@8.8.2: {}

  agent-base@6.0.2:
    dependencies:
      debug: 4.3.4
    transitivePeerDependencies:
      - supports-color

  arg@4.1.3: {}

  arrify@2.0.1: {}

  asn1@0.2.6:
    dependencies:
      safer-buffer: 2.1.2

  balanced-match@1.0.2: {}

  base64-js@1.5.1: {}

  bcrypt-pbkdf@1.0.2:
    dependencies:
      tweetnacl: 0.14.5

  bignumber.js@9.1.1: {}

  bluebird@2.11.0: {}

  brace-expansion@2.0.1:
    dependencies:
      balanced-match: 1.0.2

  buffer-equal-constant-time@1.0.1: {}

  buildcheck@0.0.6:
    optional: true

  call-bind@1.0.2:
    dependencies:
      function-bind: 1.1.1
      get-intrinsic: 1.2.1

  colors@1.4.0: {}

  commander@9.5.0: {}

  cpu-features@0.0.8:
    dependencies:
      buildcheck: 0.0.6
      nan: 2.17.0
    optional: true

  create-require@1.1.1: {}

  debug@4.3.4:
    dependencies:
      ms: 2.1.2

  diff@4.0.2: {}

  dotenv@16.1.3: {}

  ecdsa-sig-formatter@1.0.11:
    dependencies:
      safe-buffer: 5.2.1

  extend@3.0.2: {}

  fast-text-encoding@1.0.6: {}

  fs.realpath@1.0.0: {}

  function-bind@1.1.1: {}

  gaxios@5.1.0:
    dependencies:
      extend: 3.0.2
      https-proxy-agent: 5.0.1
      is-stream: 2.0.1
      node-fetch: 2.6.11
    transitivePeerDependencies:
      - encoding
      - supports-color

  gcp-metadata@5.2.0:
    dependencies:
      gaxios: 5.1.0
      json-bigint: 1.0.0
    transitivePeerDependencies:
      - encoding
      - supports-color

  get-intrinsic@1.2.1:
    dependencies:
      function-bind: 1.1.1
      has: 1.0.3
      has-proto: 1.0.1
      has-symbols: 1.0.3

  glob@8.1.0:
    dependencies:
      fs.realpath: 1.0.0
      inflight: 1.0.6
      inherits: 2.0.4
      minimatch: 5.1.6
      once: 1.4.0

  google-auth-library@8.8.0:
    dependencies:
      arrify: 2.0.1
      base64-js: 1.5.1
      ecdsa-sig-formatter: 1.0.11
      fast-text-encoding: 1.0.6
      gaxios: 5.1.0
      gcp-metadata: 5.2.0
      gtoken: 6.1.2
      jws: 4.0.0
      lru-cache: 6.0.0
    transitivePeerDependencies:
      - encoding
      - supports-color

  google-p12-pem@4.0.1:
    dependencies:
      node-forge: 1.3.1

  googleapis-common@6.0.4:
    dependencies:
      extend: 3.0.2
      gaxios: 5.1.0
      google-auth-library: 8.8.0
      qs: 6.11.2
      url-template: 2.0.8
      uuid: 9.0.0
    transitivePeerDependencies:
      - encoding
      - supports-color

  googleapis@118.0.0:
    dependencies:
      google-auth-library: 8.8.0
      googleapis-common: 6.0.4
    transitivePeerDependencies:
      - encoding
      - supports-color

  gtoken@6.1.2:
    dependencies:
      gaxios: 5.1.0
      google-p12-pem: 4.0.1
      jws: 4.0.0
    transitivePeerDependencies:
      - encoding
      - supports-color

  has-proto@1.0.1: {}

  has-symbols@1.0.3: {}

  has@1.0.3:
    dependencies:
      function-bind: 1.1.1

  https-proxy-agent@5.0.1:
    dependencies:
      agent-base: 6.0.2
      debug: 4.3.4
    transitivePeerDependencies:
      - supports-color

  inflight@1.0.6:
    dependencies:
      once: 1.4.0
      wrappy: 1.0.2

  inherits@2.0.4: {}

  install@0.13.0: {}

  is-stream@2.0.1: {}

  json-bigint@1.0.0:
    dependencies:
      bignumber.js: 9.1.1

  json5@2.2.3: {}

  jwa@2.0.0:
    dependencies:
      buffer-equal-constant-time: 1.0.1
      ecdsa-sig-formatter: 1.0.11
      safe-buffer: 5.2.1

  jws@4.0.0:
    dependencies:
      jwa: 2.0.0
      safe-buffer: 5.2.1

  lru-cache@6.0.0:
    dependencies:
      yallist: 4.0.0

  make-error@1.3.6: {}

  minimatch@5.1.6:
    dependencies:
      brace-expansion: 2.0.1

  minimist@1.2.8: {}

  ms@2.1.2: {}

  nan@2.17.0:
    optional: true

  node-fetch@2.6.11:
    dependencies:
      whatwg-url: 5.0.0

  node-forge@1.3.1: {}

  normalize-path@3.0.0: {}

  npm@9.6.7: {}

  object-inspect@1.12.3: {}

  once@1.4.0:
    dependencies:
      wrappy: 1.0.2

  qs@6.11.2:
    dependencies:
      side-channel: 1.0.4

  readline-sync@1.4.10: {}

  readline@1.3.0: {}

  rethinkdb-ts@2.5.4: {}

  rethinkdb@2.4.2:
    dependencies:
      bluebird: 2.11.0

  safe-buffer@5.2.1: {}

  safe-stable-stringify@2.4.3: {}

  safer-buffer@2.1.2: {}

  side-channel@1.0.4:
    dependencies:
      call-bind: 1.0.2
      get-intrinsic: 1.2.1
      object-inspect: 1.12.3

  ssh2@1.13.0:
    dependencies:
      asn1: 0.2.6
      bcrypt-pbkdf: 1.0.2
    optionalDependencies:
      cpu-features: 0.0.8
      nan: 2.17.0

  strip-bom@3.0.0: {}

  tr46@0.0.3: {}

  ts-json-schema-generator@1.2.0:
    dependencies:
      '@types/json-schema': 7.0.12
      commander: 9.5.0
      glob: 8.1.0
      json5: 2.2.3
      normalize-path: 3.0.0
      safe-stable-stringify: 2.4.3
      typescript: 4.9.5

  ts-node@10.9.1(@types/node@20.2.5)(typescript@5.1.3):
    dependencies:
      '@cspotcode/source-map-support': 0.8.1
      '@tsconfig/node10': 1.0.9
      '@tsconfig/node12': 1.0.11
      '@tsconfig/node14': 1.0.3
      '@tsconfig/node16': 1.0.4
      '@types/node': 20.2.5
      acorn: 8.8.2
      acorn-walk: 8.2.0
      arg: 4.1.3
      create-require: 1.1.1
      diff: 4.0.2
      make-error: 1.3.6
      typescript: 5.1.3
      v8-compile-cache-lib: 3.0.1
      yn: 3.1.1

  tsconfig-paths@4.2.0:
    dependencies:
      json5: 2.2.3
      minimist: 1.2.8
      strip-bom: 3.0.0

  tslib@2.5.3: {}

  tunnel-ssh@5.0.5:
    dependencies:
      ssh2: 1.13.0

  tweetnacl@0.14.5: {}

  typescript@4.9.5: {}

  typescript@5.1.3: {}

  url-template@2.0.8: {}

  uuid@9.0.0: {}

  v8-compile-cache-lib@3.0.1: {}

  webidl-conversions@3.0.1: {}

  whatwg-url@5.0.0:
    dependencies:
      tr46: 0.0.3
      webidl-conversions: 3.0.1

  wrappy@1.0.2: {}

  yallist@4.0.0: {}

  yn@3.1.1: {}
